// !$*UTF8*$!
{
	archiveVersion = 1;
	classes = {
	};
	objectVersion = 77;
	objects = {

/* Begin PBXBuildFile section */
		04C3F7242FF6A1AC00DC1622 /* SyntaxHighlighting in Frameworks */ = {isa = PBXBuildFile; productRef = 9A9A00022C2F4A7F00A1B001 /* SyntaxHighlighting */; };
		04C3F7252FF6A1AC00DC1622 /* Terminal in Frameworks */ = {isa = PBXBuildFile; productRef = 9A9A00042C2F4A7F00A1B004 /* Terminal */; };
		04C3F7262FF6A1AC00DC1622 /* Markdown in Frameworks */ = {isa = PBXBuildFile; productRef = 9B9B00022C3F5A8F00A1B0C2 /* Markdown */; };
		6D2E6F7F2C2F4A7F00A1B2C3 /* MLXLLM in Frameworks */ = {isa = PBXBuildFile; productRef = 6D2E6F7E2C2F4A7F00A1B2C3 /* MLXLLM */; };
		6D2E6F852C2F4A7F00A1B2C9 /* MLX in Frameworks */ = {isa = PBXBuildFile; productRef = 6D2E6F842C2F4A7F00A1B2C8 /* MLX */; };
		6E8A1B012F9A000100ABC123 /* MLXVLM in Frameworks */ = {isa = PBXBuildFile; productRef = 6E8A1B002F9A000100ABC123 /* MLXVLM */; };
/* End PBXBuildFile section */

/* Begin PBXContainerItemProxy section */
		04C2CE182E5C8E9E007A5EF7 /* PBXContainerItemProxy */ = {
			isa = PBXContainerItemProxy;
			containerPortal = 04C2CE012E5C8E9D007A5EF7 /* Project object */;
			proxyType = 1;
			remoteGlobalIDString = 04C2CE082E5C8E9D007A5EF7;
			remoteInfo = "osx-ide";
		};
		04C2CE222E5C8E9E007A5EF7 /* PBXContainerItemProxy */ = {
			isa = PBXContainerItemProxy;
			containerPortal = 04C2CE012E5C8E9D007A5EF7 /* Project object */;
			proxyType = 1;
			remoteGlobalIDString = 04C2CE082E5C8E9D007A5EF7;
			remoteInfo = "osx-ide";
		};
		7A11AA012F90000100C0DE01 /* PBXContainerItemProxy */ = {
			isa = PBXContainerItemProxy;
			containerPortal = 04C2CE012E5C8E9D007A5EF7 /* Project object */;
			proxyType = 1;
			remoteGlobalIDString = 04C2CE082E5C8E9D007A5EF7;
			remoteInfo = "osx-ide";
		};
/* End PBXContainerItemProxy section */

/* Begin PBXFileReference section */
		04C2CE092E5C8E9D007A5EF7 /* osx-ide.app */ = {isa = PBXFileReference; explicitFileType = wrapper.application; includeInIndex = 0; path = "osx-ide.app"; sourceTree = BUILT_PRODUCTS_DIR; };
		04C2CE172E5C8E9E007A5EF7 /* osx-ideTests.xctest */ = {isa = PBXFileReference; explicitFileType = wrapper.cfbundle; includeInIndex = 0; path = "osx-ideTests.xctest"; sourceTree = BUILT_PRODUCTS_DIR; };
		04C2CE212E5C8E9E007A5EF7 /* osx-ideUITests.xctest */ = {isa = PBXFileReference; explicitFileType = wrapper.cfbundle; includeInIndex = 0; path = "osx-ideUITests.xctest"; sourceTree = BUILT_PRODUCTS_DIR; };
		7A11AA032F90000100C0DE01 /* osx-ideHarnessTests.xctest */ = {isa = PBXFileReference; explicitFileType = wrapper.cfbundle; includeInIndex = 0; path = "osx-ideHarnessTests.xctest"; sourceTree = BUILT_PRODUCTS_DIR; };
/* End PBXFileReference section */

/* Begin PBXFileSystemSynchronizedRootGroup section */
		04C2CE0B2E5C8E9D007A5EF7 /* osx-ide */ = {
			isa = PBXFileSystemSynchronizedRootGroup;
			path = "osx-ide";
			sourceTree = "<group>";
		};
		04C2CE1A2E5C8E9E007A5EF7 /* osx-ideTests */ = {
			isa = PBXFileSystemSynchronizedRootGroup;
			path = "osx-ideTests";
			sourceTree = "<group>";
		};
		04C2CE242E5C8E9E007A5EF7 /* osx-ideUITests */ = {
			isa = PBXFileSystemSynchronizedRootGroup;
			path = "osx-ideUITests";
			sourceTree = "<group>";
		};
		7A11AA042F90000100C0DE01 /* osx-ideHarnessTests */ = {
			isa = PBXFileSystemSynchronizedRootGroup;
			path = "osx-ideHarnessTests";
			sourceTree = "<group>";
		};
/* End PBXFileSystemSynchronizedRootGroup section */

/* Begin PBXFrameworksBuildPhase section */
		04C2CE062E5C8E9D007A5EF7 /* Frameworks */ = {
			isa = PBXFrameworksBuildPhase;
			buildActionMask = 2147483647;
			files = (
				04C3F7262FF6A1AC00DC1622 /* Markdown in Frameworks */,
				04C3F7252FF6A1AC00DC1622 /* Terminal in Frameworks */,
				04C3F7242FF6A1AC00DC1622 /* SyntaxHighlighting in Frameworks */,
				6D2E6F7F2C2F4A7F00A1B2C3 /* MLXLLM in Frameworks */,
				6E8A1B012F9A000100ABC123 /* MLXVLM in Frameworks */,
				6D2E6F852C2F4A7F00A1B2C9 /* MLX in Frameworks */,
			);
			runOnlyForDeploymentPostprocessing = 0;
		};
		04C2CE142E5C8E9E007A5EF7 /* Frameworks */ = {
			isa = PBXFrameworksBuildPhase;
			buildActionMask = 2147483647;
			files = (
			);
			runOnlyForDeploymentPostprocessing = 0;
		};
		04C2CE1E2E5C8E9E007A5EF7 /* Frameworks */ = {
			isa = PBXFrameworksBuildPhase;
			buildActionMask = 2147483647;
			files = (
			);
			runOnlyForDeploymentPostprocessing = 0;
		};
		7A11AA052F90000100C0DE01 /* Frameworks */ = {
			isa = PBXFrameworksBuildPhase;
			buildActionMask = 2147483647;
			files = (
			);
			runOnlyForDeploymentPostprocessing = 0;
		};
/* End PBXFrameworksBuildPhase section */

/* Begin PBXGroup section */
		047420C22EF6D5140011D000 /* Frameworks */ = {
			isa = PBXGroup;
			children = (
			);
			name = Frameworks;
			sourceTree = "<group>";
		};
		04C2CE002E5C8E9D007A5EF7 = {
			isa = PBXGroup;
			children = (
				04C2CE0B2E5C8E9D007A5EF7 /* osx-ide */,
				04C2CE1A2E5C8E9E007A5EF7 /* osx-ideTests */,
				04C2CE242E5C8E9E007A5EF7 /* osx-ideUITests */,
				7A11AA042F90000100C0DE01 /* osx-ideHarnessTests */,
				047420C22EF6D5140011D000 /* Frameworks */,
				04C2CE0A2E5C8E9D007A5EF7 /* Products */,
			);
			sourceTree = "<group>";
		};
		04C2CE0A2E5C8E9D007A5EF7 /* Products */ = {
			isa = PBXGroup;
			children = (
				04C2CE092E5C8E9D007A5EF7 /* osx-ide.app */,
				04C2CE172E5C8E9E007A5EF7 /* osx-ideTests.xctest */,
				04C2CE212E5C8E9E007A5EF7 /* osx-ideUITests.xctest */,
				7A11AA032F90000100C0DE01 /* osx-ideHarnessTests.xctest */,
			);
			name = Products;
			sourceTree = "<group>";
		};
/* End PBXGroup section */

/* Begin PBXNativeTarget section */
		04C2CE082E5C8E9D007A5EF7 /* osx-ide */ = {
			isa = PBXNativeTarget;
			buildConfigurationList = 04C2CE2B2E5C8E9F007A5EF7 /* Build configuration list for PBXNativeTarget "osx-ide" */;
			buildPhases = (
				04C2CE052E5C8E9D007A5EF7 /* Sources */,
				04C2CE062E5C8E9D007A5EF7 /* Frameworks */,
				04C2CE072E5C8E9D007A5EF7 /* Resources */,
			);
			buildRules = (
			);
			dependencies = (
			);
			fileSystemSynchronizedGroups = (
				04C2CE0B2E5C8E9D007A5EF7 /* osx-ide */,
			);
			name = "osx-ide";
			packageProductDependencies = (
				6D2E6F7E2C2F4A7F00A1B2C3 /* MLXLLM */,
				6E8A1B002F9A000100ABC123 /* MLXVLM */,
				6D2E6F842C2F4A7F00A1B2C8 /* MLX */,
				9A9A00022C2F4A7F00A1B001 /* SyntaxHighlighting */,
				9A9A00042C2F4A7F00A1B004 /* Terminal */,
				9B9B00022C3F5A8F00A1B0C2 /* Markdown */,
			);
			productName = "osx-ide";
			productReference = 04C2CE092E5C8E9D007A5EF7 /* osx-ide.app */;
			productType = "com.apple.product-type.application";
		};
		04C2CE162E5C8E9E007A5EF7 /* osx-ideTests */ = {
			isa = PBXNativeTarget;
			buildConfigurationList = 04C2CE2E2E5C8E9F007A5EF7 /* Build configuration list for PBXNativeTarget "osx-ideTests" */;
			buildPhases = (
				04C2CE132E5C8E9E007A5EF7 /* Sources */,
				04C2CE142E5C8E9E007A5EF7 /* Frameworks */,
				04C2CE152E5C8E9E007A5EF7 /* Resources */,
			);
			buildRules = (
			);
			dependencies = (
				04C2CE192E5C8E9E007A5EF7 /* PBXTargetDependency */,
			);
			fileSystemSynchronizedGroups = (
				04C2CE1A2E5C8E9E007A5EF7 /* osx-ideTests */,
			);
			name = "osx-ideTests";
			packageProductDependencies = (
			);
			productName = "osx-ideTests";
			productReference = 04C2CE172E5C8E9E007A5EF7 /* osx-ideTests.xctest */;
			productType = "com.apple.product-type.bundle.unit-test";
		};
		04C2CE202E5C8E9E007A5EF7 /* osx-ideUITests */ = {
			isa = PBXNativeTarget;
			buildConfigurationList = 04C2CE312E5C8E9F007A5EF7 /* Build configuration list for PBXNativeTarget "osx-ideUITests" */;
			buildPhases = (
				04C2CE1D2E5C8E9E007A5EF7 /* Sources */,
				04C2CE1E2E5C8E9E007A5EF7 /* Frameworks */,
				04C2CE1F2E5C8E9E007A5EF7 /* Resources */,
			);
			buildRules = (
			);
			dependencies = (
				04C2CE232E5C8E9E007A5EF7 /* PBXTargetDependency */,
			);
			fileSystemSynchronizedGroups = (
				04C2CE242E5C8E9E007A5EF7 /* osx-ideUITests */,
			);
			name = "osx-ideUITests";
			packageProductDependencies = (
			);
			productName = "osx-ideUITests";
			productReference = 04C2CE212E5C8E9E007A5EF7 /* osx-ideUITests.xctest */;
			productType = "com.apple.product-type.bundle.ui-testing";
		};
		7A11AA082F90000100C0DE01 /* osx-ideHarnessTests */ = {
			isa = PBXNativeTarget;
			buildConfigurationList = 7A11AA0B2F90000100C0DE01 /* Build configuration list for PBXNativeTarget "osx-ideHarnessTests" */;
			buildPhases = (
				7A11AA072F90000100C0DE01 /* Sources */,
				7A11AA052F90000100C0DE01 /* Frameworks */,
				7A11AA062F90000100C0DE01 /* Resources */,
			);
			buildRules = (
			);
			dependencies = (
				7A11AA022F90000100C0DE01 /* PBXTargetDependency */,
			);
			fileSystemSynchronizedGroups = (
				7A11AA042F90000100C0DE01 /* osx-ideHarnessTests */,
			);
			name = "osx-ideHarnessTests";
			packageProductDependencies = (
			);
			productName = "osx-ideHarnessTests";
			productReference = 7A11AA032F90000100C0DE01 /* osx-ideHarnessTests.xctest */;
			productType = "com.apple.product-type.bundle.unit-test";
		};
/* End PBXNativeTarget section */

/* Begin PBXProject section */
		04C2CE012E5C8E9D007A5EF7 /* Project object */ = {
			isa = PBXProject;
			attributes = {
				BuildIndependentTargetsInParallel = 1;
				LastSwiftUpdateCheck = 1640;
				LastUpgradeCheck = 2620;
				TargetAttributes = {
					04C2CE082E5C8E9D007A5EF7 = {
						CreatedOnToolsVersion = 16.4;
					};
					04C2CE162E5C8E9E007A5EF7 = {
						CreatedOnToolsVersion = 16.4;
						TestTargetID = 04C2CE082E5C8E9D007A5EF7;
					};
					04C2CE202E5C8E9E007A5EF7 = {
						CreatedOnToolsVersion = 16.4;
						TestTargetID = 04C2CE082E5C8E9D007A5EF7;
					};
					7A11AA082F90000100C0DE01 = {
						CreatedOnToolsVersion = 16.4;
						TestTargetID = 04C2CE082E5C8E9D007A5EF7;
					};
				};
			};
			buildConfigurationList = 04C2CE042E5C8E9D007A5EF7 /* Build configuration list for PBXProject "osx-ide" */;
			developmentRegion = en;
			hasScannedForEncodings = 0;
			knownRegions = (
				en,
				Base,
			);
			mainGroup = 04C2CE002E5C8E9D007A5EF7;
			minimizedProjectReferenceProxies = 1;
			packageReferences = (
				6D2E6F7D2C2F4A7F00A1B2C3 /* XCLocalSwiftPackageReference "Vendor/mlx-swift-lm" */,
				6D2E6F862C2F4A7F00A1B2CA /* XCRemoteSwiftPackageReference "mlx-swift" */,
				9A9A00012C2F4A7F00A1B001 /* XCLocalSwiftPackageReference "Packages/SyntaxHighlighting" */,
				9A9A00032C2F4A7F00A1B003 /* XCLocalSwiftPackageReference "Packages/Terminal" */,
				9B9B00012C3F5A8F00A1B0C1 /* XCRemoteSwiftPackageReference "swift-markdown" */,
			);
			preferredProjectObjectVersion = 77;
			productRefGroup = 04C2CE0A2E5C8E9D007A5EF7 /* Products */;
			projectDirPath = "";
			projectRoot = "";
			targets = (
				04C2CE082E5C8E9D007A5EF7 /* osx-ide */,
				04C2CE162E5C8E9E007A5EF7 /* osx-ideTests */,
				04C2CE202E5C8E9E007A5EF7 /* osx-ideUITests */,
				7A11AA082F90000100C0DE01 /* osx-ideHarnessTests */,
			);
		};
/* End PBXProject section */

/* Begin PBXResourcesBuildPhase section */
		04C2CE072E5C8E9D007A5EF7 /* Resources */ = {
			isa = PBXResourcesBuildPhase;
			buildActionMask = 2147483647;
			files = (
			);
			runOnlyForDeploymentPostprocessing = 0;
		};
		04C2CE152E5C8E9E007A5EF7 /* Resources */ = {
			isa = PBXResourcesBuildPhase;
			buildActionMask = 2147483647;
			files = (
			);
			runOnlyForDeploymentPostprocessing = 0;
		};
		04C2CE1F2E5C8E9E007A5EF7 /* Resources */ = {
			isa = PBXResourcesBuildPhase;
			buildActionMask = 2147483647;
			files = (
			);
			runOnlyForDeploymentPostprocessing = 0;
		};
		7A11AA062F90000100C0DE01 /* Resources */ = {
			isa = PBXResourcesBuildPhase;
			buildActionMask = 2147483647;
			files = (
			);
			runOnlyForDeploymentPostprocessing = 0;
		};
/* End PBXResourcesBuildPhase section */

/* Begin PBXSourcesBuildPhase section */
		04C2CE052E5C8E9D007A5EF7 /* Sources */ = {
			isa = PBXSourcesBuildPhase;
			buildActionMask = 2147483647;
			files = (
			);
			runOnlyForDeploymentPostprocessing = 0;
		};
		04C2CE132E5C8E9E007A5EF7 /* Sources */ = {
			isa = PBXSourcesBuildPhase;
			buildActionMask = 2147483647;
			files = (
			);
			runOnlyForDeploymentPostprocessing = 0;
		};
		04C2CE1D2E5C8E9E007A5EF7 /* Sources */ = {
			isa = PBXSourcesBuildPhase;
			buildActionMask = 2147483647;
			files = (
			);
			runOnlyForDeploymentPostprocessing = 0;
		};
		7A11AA072F90000100C0DE01 /* Sources */ = {
			isa = PBXSourcesBuildPhase;
			buildActionMask = 2147483647;
			files = (
			);
			runOnlyForDeploymentPostprocessing = 0;
		};
/* End PBXSourcesBuildPhase section */

/* Begin PBXTargetDependency section */
		04C2CE192E5C8E9E007A5EF7 /* PBXTargetDependency */ = {
			isa = PBXTargetDependency;
			target = 04C2CE082E5C8E9D007A5EF7 /* osx-ide */;
			targetProxy = 04C2CE182E5C8E9E007A5EF7 /* PBXContainerItemProxy */;
		};
		04C2CE232E5C8E9E007A5EF7 /* PBXTargetDependency */ = {
			isa = PBXTargetDependency;
			target = 04C2CE082E5C8E9D007A5EF7 /* osx-ide */;
			targetProxy = 04C2CE222E5C8E9E007A5EF7 /* PBXContainerItemProxy */;
		};
		7A11AA022F90000100C0DE01 /* PBXTargetDependency */ = {
			isa = PBXTargetDependency;
			target = 04C2CE082E5C8E9D007A5EF7 /* osx-ide */;
			targetProxy = 7A11AA012F90000100C0DE01 /* PBXContainerItemProxy */;
		};
/* End PBXTargetDependency section */

/* Begin XCBuildConfiguration section */
		04C2CE292E5C8E9E007A5EF7 /* Debug */ = {
			isa = XCBuildConfiguration;
			buildSettings = {
				ALWAYS_SEARCH_USER_PATHS = NO;
				ASSETCATALOG_COMPILER_GENERATE_SWIFT_ASSET_SYMBOL_EXTENSIONS = YES;
				CLANG_ANALYZER_NONNULL = YES;
				CLANG_ANALYZER_NUMBER_OBJECT_CONVERSION = YES_AGGRESSIVE;
				CLANG_CXX_LANGUAGE_STANDARD = "gnu++20";
				CLANG_ENABLE_MODULES = YES;
				CLANG_ENABLE_OBJC_ARC = YES;
				CLANG_ENABLE_OBJC_WEAK = YES;
				CLANG_WARN_BLOCK_CAPTURE_AUTORELEASING = YES;
				CLANG_WARN_BOOL_CONVERSION = YES;
				CLANG_WARN_COMMA = YES;
				CLANG_WARN_CONSTANT_CONVERSION = YES;
				CLANG_WARN_DEPRECATED_OBJC_IMPLEMENTATIONS = YES;
				CLANG_WARN_DIRECT_OBJC_ISA_USAGE = YES_ERROR;
				CLANG_WARN_DOCUMENTATION_COMMENTS = YES;
				CLANG_WARN_EMPTY_BODY = YES;
				CLANG_WARN_ENUM_CONVERSION = YES;
				CLANG_WARN_INFINITE_RECURSION = YES;
				CLANG_WARN_INT_CONVERSION = YES;
				CLANG_WARN_NON_LITERAL_NULL_CONVERSION = YES;
				CLANG_WARN_OBJC_IMPLICIT_RETAIN_SELF = YES;
				CLANG_WARN_OBJC_LITERAL_CONVERSION = YES;
				CLANG_WARN_OBJC_ROOT_CLASS = YES_ERROR;
				CLANG_WARN_QUOTED_INCLUDE_IN_FRAMEWORK_HEADER = YES;
				CLANG_WARN_RANGE_LOOP_ANALYSIS = YES;
				CLANG_WARN_STRICT_PROTOTYPES = YES;
				CLANG_WARN_SUSPICIOUS_MOVE = YES;
				CLANG_WARN_UNGUARDED_AVAILABILITY = YES_AGGRESSIVE;
				CLANG_WARN_UNREACHABLE_CODE = YES;
				CLANG_WARN__DUPLICATE_METHOD_MATCH = YES;
				COPY_PHASE_STRIP = NO;
				DEAD_CODE_STRIPPING = YES;
				DEBUG_INFORMATION_FORMAT = dwarf;
				ENABLE_STRICT_OBJC_MSGSEND = YES;
				ENABLE_TESTABILITY = YES;
				ENABLE_USER_SCRIPT_SANDBOXING = YES;
				GCC_C_LANGUAGE_STANDARD = gnu17;
				GCC_DYNAMIC_NO_PIC = NO;
				GCC_NO_COMMON_BLOCKS = YES;
				GCC_OPTIMIZATION_LEVEL = 0;
				GCC_PREPROCESSOR_DEFINITIONS = (
					"DEBUG=1",
					"$(inherited)",
				);
				GCC_WARN_64_TO_32_BIT_CONVERSION = YES;
				GCC_WARN_ABOUT_RETURN_TYPE = YES_ERROR;
				GCC_WARN_UNDECLARED_SELECTOR = YES;
				GCC_WARN_UNINITIALIZED_AUTOS = YES_AGGRESSIVE;
				GCC_WARN_UNUSED_FUNCTION = YES;
				GCC_WARN_UNUSED_VARIABLE = YES;
				LOCALIZATION_PREFERS_STRING_CATALOGS = YES;
				ARCHS = arm64;
				EXCLUDED_ARCHS = x86_64;
				MACOSX_DEPLOYMENT_TARGET = 26.0;
				MTL_ENABLE_DEBUG_INFO = INCLUDE_SOURCE;
				MTL_FAST_MATH = YES;
				ONLY_ACTIVE_ARCH = YES;
				SDKROOT = macosx;
				STRING_CATALOG_GENERATE_SYMBOLS = YES;
				SWIFT_ACTIVE_COMPILATION_CONDITIONS = "DEBUG $(inherited)";
				SWIFT_ENABLE_EXPLICIT_MODULES = NO;
				SWIFT_OPTIMIZATION_LEVEL = "-Onone";
			};
			name = Debug;
		};
		04C2CE2A2E5C8E9E007A5EF7 /* Release */ = {
			isa = XCBuildConfiguration;
			buildSettings = {
				ALWAYS_SEARCH_USER_PATHS = NO;
				ASSETCATALOG_COMPILER_GENERATE_SWIFT_ASSET_SYMBOL_EXTENSIONS = YES;
				CLANG_ANALYZER_NONNULL = YES;
				CLANG_ANALYZER_NUMBER_OBJECT_CONVERSION = YES_AGGRESSIVE;
				CLANG_CXX_LANGUAGE_STANDARD = "gnu++20";
				CLANG_ENABLE_MODULES = YES;
				CLANG_ENABLE_OBJC_ARC = YES;
				CLANG_ENABLE_OBJC_WEAK = YES;
				CLANG_WARN_BLOCK_CAPTURE_AUTORELEASING = YES;
				CLANG_WARN_BOOL_CONVERSION = YES;
				CLANG_WARN_COMMA = YES;
				CLANG_WARN_CONSTANT_CONVERSION = YES;
				CLANG_WARN_DEPRECATED_OBJC_IMPLEMENTATIONS = YES;
				CLANG_WARN_DIRECT_OBJC_ISA_USAGE = YES_ERROR;
				CLANG_WARN_DOCUMENTATION_COMMENTS = YES;
				CLANG_WARN_EMPTY_BODY = YES;
				CLANG_WARN_ENUM_CONVERSION = YES;
				CLANG_WARN_INFINITE_RECURSION = YES;
				CLANG_WARN_INT_CONVERSION = YES;
				CLANG_WARN_NON_LITERAL_NULL_CONVERSION = YES;
				CLANG_WARN_OBJC_IMPLICIT_RETAIN_SELF = YES;
				CLANG_WARN_OBJC_LITERAL_CONVERSION = YES;
				CLANG_WARN_OBJC_ROOT_CLASS = YES_ERROR;
				CLANG_WARN_QUOTED_INCLUDE_IN_FRAMEWORK_HEADER = YES;
				CLANG_WARN_RANGE_LOOP_ANALYSIS = YES;
				CLANG_WARN_STRICT_PROTOTYPES = YES;
				CLANG_WARN_SUSPICIOUS_MOVE = YES;
				CLANG_WARN_UNGUARDED_AVAILABILITY = YES_AGGRESSIVE;
				CLANG_WARN_UNREACHABLE_CODE = YES;
				CLANG_WARN__DUPLICATE_METHOD_MATCH = YES;
				COPY_PHASE_STRIP = NO;
				DEAD_CODE_STRIPPING = YES;
				DEBUG_INFORMATION_FORMAT = "dwarf-with-dsym";
				ENABLE_NS_ASSERTIONS = NO;
				ENABLE_STRICT_OBJC_MSGSEND = YES;
				ENABLE_USER_SCRIPT_SANDBOXING = YES;
				GCC_C_LANGUAGE_STANDARD = gnu17;
				GCC_NO_COMMON_BLOCKS = YES;
				GCC_WARN_64_TO_32_BIT_CONVERSION = YES;
				GCC_WARN_ABOUT_RETURN_TYPE = YES_ERROR;
				GCC_WARN_UNDECLARED_SELECTOR = YES;
				GCC_WARN_UNINITIALIZED_AUTOS = YES_AGGRESSIVE;
				GCC_WARN_UNUSED_FUNCTION = YES;
				GCC_WARN_UNUSED_VARIABLE = YES;
				LOCALIZATION_PREFERS_STRING_CATALOGS = YES;
				ARCHS = arm64;
				EXCLUDED_ARCHS = x86_64;
				MACOSX_DEPLOYMENT_TARGET = 26.0;
				MTL_ENABLE_DEBUG_INFO = NO;
				MTL_FAST_MATH = YES;
				SDKROOT = macosx;
				STRING_CATALOG_GENERATE_SYMBOLS = YES;
				SWIFT_COMPILATION_MODE = wholemodule;
				SWIFT_ENABLE_EXPLICIT_MODULES = NO;
			};
			name = Release;
		};
		04C2CE2C2E5C8E9F007A5EF7 /* Debug */ = {
			isa = XCBuildConfiguration;
			buildSettings = {
				ASSETCATALOG_COMPILER_APPICON_NAME = AppIcon;
				ASSETCATALOG_COMPILER_GLOBAL_ACCENT_COLOR_NAME = AccentColor;
				CODE_SIGN_ENTITLEMENTS = "osx-ide/osx_ide.entitlements";
				CODE_SIGN_STYLE = Automatic;
				COMBINE_HIDPI_IMAGES = YES;
				CURRENT_PROJECT_VERSION = 600;
				DEAD_CODE_STRIPPING = YES;
				ENABLE_APP_SANDBOX = NO;
				ENABLE_DEBUG_DYLIB = NO;
				ENABLE_PREVIEWS = YES;
				ENABLE_USER_SELECTED_FILES = readonly;
				GENERATE_INFOPLIST_FILE = YES;
				HEADER_SEARCH_PATHS = (
					"$(inherited)",
					"$(PROJECT_DIR)/osx-ide/Services/VectorStore/CFAISSWrapper/include",
					"$(PROJECT_DIR)/osx-ide/Services/VectorStore/Libraries/include",
				);
				INFOPLIST_KEY_NSHumanReadableCopyright = "";
				LD_RUNPATH_SEARCH_PATHS = (
					"$(inherited)",
					"@executable_path/../Frameworks",
				);
				LIBRARY_SEARCH_PATHS = (
					"$(inherited)",
					"$(PROJECT_DIR)/osx-ide/Services/VectorStore/Libraries",
					/opt/homebrew/opt/libomp/lib,
				);
				MARKETING_VERSION = 0.6.0;
				OTHER_LDFLAGS = (
					"$(inherited)",
					"-lfaiss_full",
					"-lc++",
					"-lomp",
					"-framework",
					Accelerate,
				);
				PRODUCT_BUNDLE_IDENTIFIER = "tdc.osx-ide";
				PRODUCT_NAME = "$(TARGET_NAME)";
				REGISTER_APP_GROUPS = YES;
				SWIFT_EMIT_LOC_STRINGS = YES;
				SWIFT_ENABLE_EXPLICIT_MODULES = NO;
				SWIFT_OBJC_BRIDGING_HEADER = "$(PROJECT_DIR)/osx-ide/BridgingHeaders/VectorStore-Bridging-Header.h";
				SWIFT_VERSION = 6.0;
			};
			name = Debug;
		};
		04C2CE2D2E5C8E9F007A5EF7 /* Release */ = {
			isa = XCBuildConfiguration;
			buildSettings = {
				ASSETCATALOG_COMPILER_APPICON_NAME = AppIcon;
				ASSETCATALOG_COMPILER_GLOBAL_ACCENT_COLOR_NAME = AccentColor;
				CODE_SIGN_ENTITLEMENTS = "osx-ide/osx_ide.entitlements";
				CODE_SIGN_STYLE = Automatic;
				COMBINE_HIDPI_IMAGES = YES;
				CURRENT_PROJECT_VERSION = 600;
				DEAD_CODE_STRIPPING = YES;
				ENABLE_APP_SANDBOX = NO;
				ENABLE_DEBUG_DYLIB = NO;
				ENABLE_PREVIEWS = YES;
				ENABLE_USER_SELECTED_FILES = readonly;
				GENERATE_INFOPLIST_FILE = YES;
				HEADER_SEARCH_PATHS = (
					"$(inherited)",
					"$(PROJECT_DIR)/osx-ide/Services/VectorStore/CFAISSWrapper/include",
					"$(PROJECT_DIR)/osx-ide/Services/VectorStore/Libraries/include",
				);
				INFOPLIST_KEY_NSHumanReadableCopyright = "";
				LD_RUNPATH_SEARCH_PATHS = (
					"$(inherited)",
					"@executable_path/../Frameworks",
				);
				LIBRARY_SEARCH_PATHS = (
					"$(inherited)",
					"$(PROJECT_DIR)/osx-ide/Services/VectorStore/Libraries/arm64",
					/opt/homebrew/opt/libomp/lib,
				);
				MARKETING_VERSION = 0.6.0;
				OTHER_LDFLAGS = (
					"$(inherited)",
					"-lfaiss_full",
					"-lc++",
					"-lomp",
					"-framework",
					Accelerate,
				);
				PRODUCT_BUNDLE_IDENTIFIER = "tdc.osx-ide";
				PRODUCT_NAME = "$(TARGET_NAME)";
				REGISTER_APP_GROUPS = YES;
				SWIFT_EMIT_LOC_STRINGS = YES;
				SWIFT_ENABLE_EXPLICIT_MODULES = NO;
				SWIFT_OBJC_BRIDGING_HEADER = "$(PROJECT_DIR)/osx-ide/BridgingHeaders/VectorStore-Bridging-Header.h";
				SWIFT_VERSION = 6.0;
			};
			name = Release;
		};
		04C2CE2F2E5C8E9F007A5EF7 /* Debug */ = {
			isa = XCBuildConfiguration;
			buildSettings = {
				BUNDLE_LOADER = "$(TEST_HOST)";
				CODE_SIGN_STYLE = Automatic;
				CURRENT_PROJECT_VERSION = 600;
				DEAD_CODE_STRIPPING = YES;
				GENERATE_INFOPLIST_FILE = YES;
				MACOSX_DEPLOYMENT_TARGET = 26.0;
				MARKETING_VERSION = 1.0;
				PRODUCT_BUNDLE_IDENTIFIER = "tdc.osx-ideTests";
				PRODUCT_NAME = "$(TARGET_NAME)";
				SWIFT_EMIT_LOC_STRINGS = NO;
				SWIFT_ENABLE_EXPLICIT_MODULES = NO;
				SWIFT_VERSION = 6.0;
				TEST_HOST = "$(BUILT_PRODUCTS_DIR)/osx-ide.app/$(BUNDLE_EXECUTABLE_FOLDER_PATH)/osx-ide";
			};
			name = Debug;
		};
		04C2CE302E5C8E9F007A5EF7 /* Release */ = {
			isa = XCBuildConfiguration;
			buildSettings = {
				BUNDLE_LOADER = "$(TEST_HOST)";
				CODE_SIGN_STYLE = Automatic;
				CURRENT_PROJECT_VERSION = 600;
				DEAD_CODE_STRIPPING = YES;
				GENERATE_INFOPLIST_FILE = YES;
				MACOSX_DEPLOYMENT_TARGET = 26.0;
				MARKETING_VERSION = 1.0;
				PRODUCT_BUNDLE_IDENTIFIER = "tdc.osx-ideTests";
				PRODUCT_NAME = "$(TARGET_NAME)";
				SWIFT_EMIT_LOC_STRINGS = NO;
				SWIFT_ENABLE_EXPLICIT_MODULES = NO;
				SWIFT_VERSION = 6.0;
				TEST_HOST = "$(BUILT_PRODUCTS_DIR)/osx-ide.app/$(BUNDLE_EXECUTABLE_FOLDER_PATH)/osx-ide";
			};
			name = Release;
		};
		04C2CE322E5C8E9F007A5EF7 /* Debug */ = {
			isa = XCBuildConfiguration;
			buildSettings = {
				CODE_SIGN_STYLE = Automatic;
				CURRENT_PROJECT_VERSION = 600;
				DEAD_CODE_STRIPPING = YES;
				GENERATE_INFOPLIST_FILE = YES;
				MACOSX_DEPLOYMENT_TARGET = 26.0;
				MARKETING_VERSION = 1.0;
				PRODUCT_BUNDLE_IDENTIFIER = "tdc.osx-ideUITests";
				PRODUCT_NAME = "$(TARGET_NAME)";
				SWIFT_EMIT_LOC_STRINGS = NO;
				SWIFT_ENABLE_EXPLICIT_MODULES = NO;
				SWIFT_VERSION = 6.0;
				TEST_TARGET_NAME = "osx-ide";
			};
			name = Debug;
		};
		04C2CE332E5C8E9F007A5EF7 /* Release */ = {
			isa = XCBuildConfiguration;
			buildSettings = {
				CODE_SIGN_STYLE = Automatic;
				CURRENT_PROJECT_VERSION = 600;
				DEAD_CODE_STRIPPING = YES;
				GENERATE_INFOPLIST_FILE = YES;
				MACOSX_DEPLOYMENT_TARGET = 26.0;
				MARKETING_VERSION = 1.0;
				PRODUCT_BUNDLE_IDENTIFIER = "tdc.osx-ideUITests";
				PRODUCT_NAME = "$(TARGET_NAME)";
				SWIFT_EMIT_LOC_STRINGS = NO;
				SWIFT_ENABLE_EXPLICIT_MODULES = NO;
				SWIFT_VERSION = 6.0;
				TEST_TARGET_NAME = "osx-ide";
			};
			name = Release;
		};
		7A11AA092F90000100C0DE01 /* Debug */ = {
			isa = XCBuildConfiguration;
			buildSettings = {
				BUNDLE_LOADER = "$(TEST_HOST)";
				CODE_SIGN_STYLE = Automatic;
				CURRENT_PROJECT_VERSION = 600;
				DEAD_CODE_STRIPPING = YES;
				GENERATE_INFOPLIST_FILE = YES;
				MACOSX_DEPLOYMENT_TARGET = 26.0;
				MARKETING_VERSION = 1.0;
				PRODUCT_BUNDLE_IDENTIFIER = "tdc.osx-ideHarnessTests";
				PRODUCT_NAME = "$(TARGET_NAME)";
				SWIFT_EMIT_LOC_STRINGS = NO;
				SWIFT_ENABLE_EXPLICIT_MODULES = NO;
				SWIFT_VERSION = 6.0;
				TEST_HOST = "$(BUILT_PRODUCTS_DIR)/osx-ide.app/$(BUNDLE_EXECUTABLE_FOLDER_PATH)/osx-ide";
			};
			name = Debug;
		};
		7A11AA0A2F90000100C0DE01 /* Release */ = {
			isa = XCBuildConfiguration;
			buildSettings = {
				BUNDLE_LOADER = "$(TEST_HOST)";
				CODE_SIGN_STYLE = Automatic;
				CURRENT_PROJECT_VERSION = 600;
				DEAD_CODE_STRIPPING = YES;
				GENERATE_INFOPLIST_FILE = YES;
				MACOSX_DEPLOYMENT_TARGET = 26.0;
				MARKETING_VERSION = 1.0;
				PRODUCT_BUNDLE_IDENTIFIER = "tdc.osx-ideHarnessTests";
				PRODUCT_NAME = "$(TARGET_NAME)";
				SWIFT_EMIT_LOC_STRINGS = NO;
				SWIFT_ENABLE_EXPLICIT_MODULES = NO;
				SWIFT_VERSION = 6.0;
				TEST_HOST = "$(BUILT_PRODUCTS_DIR)/osx-ide.app/$(BUNDLE_EXECUTABLE_FOLDER_PATH)/osx-ide";
			};
			name = Release;
		};
/* End XCBuildConfiguration section */

/* Begin XCConfigurationList section */
		04C2CE042E5C8E9D007A5EF7 /* Build configuration list for PBXProject "osx-ide" */ = {
			isa = XCConfigurationList;
			buildConfigurations = (
				04C2CE292E5C8E9E007A5EF7 /* Debug */,
				04C2CE2A2E5C8E9E007A5EF7 /* Release */,
			);
			defaultConfigurationIsVisible = 0;
			defaultConfigurationName = Release;
		};
		04C2CE2B2E5C8E9F007A5EF7 /* Build configuration list for PBXNativeTarget "osx-ide" */ = {
			isa = XCConfigurationList;
			buildConfigurations = (
				04C2CE2C2E5C8E9F007A5EF7 /* Debug */,
				04C2CE2D2E5C8E9F007A5EF7 /* Release */,
			);
			defaultConfigurationIsVisible = 0;
			defaultConfigurationName = Release;
		};
		04C2CE2E2E5C8E9F007A5EF7 /* Build configuration list for PBXNativeTarget "osx-ideTests" */ = {
			isa = XCConfigurationList;
			buildConfigurations = (
				04C2CE2F2E5C8E9F007A5EF7 /* Debug */,
				04C2CE302E5C8E9F007A5EF7 /* Release */,
			);
			defaultConfigurationIsVisible = 0;
			defaultConfigurationName = Release;
		};
		04C2CE312E5C8E9F007A5EF7 /* Build configuration list for PBXNativeTarget "osx-ideUITests" */ = {
			isa = XCConfigurationList;
			buildConfigurations = (
				04C2CE322E5C8E9F007A5EF7 /* Debug */,
				04C2CE332E5C8E9F007A5EF7 /* Release */,
			);
			defaultConfigurationIsVisible = 0;
			defaultConfigurationName = Release;
		};
		7A11AA0B2F90000100C0DE01 /* Build configuration list for PBXNativeTarget "osx-ideHarnessTests" */ = {
			isa = XCConfigurationList;
			buildConfigurations = (
				7A11AA092F90000100C0DE01 /* Debug */,
				7A11AA0A2F90000100C0DE01 /* Release */,
			);
			defaultConfigurationIsVisible = 0;
			defaultConfigurationName = Release;
		};
/* End XCConfigurationList section */

/* Begin XCLocalSwiftPackageReference section */
		6D2E6F7D2C2F4A7F00A1B2C3 /* XCLocalSwiftPackageReference "Vendor/mlx-swift-lm" */ = {
			isa = XCLocalSwiftPackageReference;
			relativePath = "Vendor/mlx-swift-lm";
		};
		9A9A00012C2F4A7F00A1B001 /* XCLocalSwiftPackageReference "Packages/SyntaxHighlighting" */ = {
			isa = XCLocalSwiftPackageReference;
			relativePath = Packages/SyntaxHighlighting;
		};
		9A9A00032C2F4A7F00A1B003 /* XCLocalSwiftPackageReference "Packages/Terminal" */ = {
			isa = XCLocalSwiftPackageReference;
			relativePath = Packages/Terminal;
		};
/* End XCLocalSwiftPackageReference section */

/* Begin XCRemoteSwiftPackageReference section */
		6D2E6F862C2F4A7F00A1B2CA /* XCRemoteSwiftPackageReference "mlx-swift" */ = {
			isa = XCRemoteSwiftPackageReference;
			repositoryURL = "https://github.com/ml-explore/mlx-swift";
			requirement = {
				kind = upToNextMinorVersion;
				minimumVersion = 0.31.6;
			};
		};
		9B9B00012C3F5A8F00A1B0C1 /* XCRemoteSwiftPackageReference "swift-markdown" */ = {
			isa = XCRemoteSwiftPackageReference;
			repositoryURL = "https://github.com/swiftlang/swift-markdown.git";
			requirement = {
				kind = upToNextMinorVersion;
				minimumVersion = 0.8.0;
			};
		};
/* End XCRemoteSwiftPackageReference section */

/* Begin XCSwiftPackageProductDependency section */
		6D2E6F7E2C2F4A7F00A1B2C3 /* MLXLLM */ = {
			isa = XCSwiftPackageProductDependency;
			package = 6D2E6F7D2C2F4A7F00A1B2C3 /* XCLocalSwiftPackageReference "Vendor/mlx-swift-lm" */;
			productName = MLXLLM;
		};
		6D2E6F842C2F4A7F00A1B2C8 /* MLX */ = {
			isa = XCSwiftPackageProductDependency;
			package = 6D2E6F862C2F4A7F00A1B2CA /* XCRemoteSwiftPackageReference "mlx-swift" */;
			productName = MLX;
		};
		6E8A1B002F9A000100ABC123 /* MLXVLM */ = {
			isa = XCSwiftPackageProductDependency;
			package = 6D2E6F7D2C2F4A7F00A1B2C3 /* XCLocalSwiftPackageReference "Vendor/mlx-swift-lm" */;
			productName = MLXVLM;
		};
		9A9A00022C2F4A7F00A1B001 /* SyntaxHighlighting */ = {
			isa = XCSwiftPackageProductDependency;
			package = 9A9A00012C2F4A7F00A1B001 /* XCLocalSwiftPackageReference "Packages/SyntaxHighlighting" */;
			productName = SyntaxHighlighting;
		};
		9A9A00042C2F4A7F00A1B004 /* Terminal */ = {
			isa = XCSwiftPackageProductDependency;
			package = 9A9A00032C2F4A7F00A1B003 /* XCLocalSwiftPackageReference "Packages/Terminal" */;
			productName = Terminal;
		};
		9B9B00022C3F5A8F00A1B0C2 /* Markdown */ = {
			isa = XCSwiftPackageProductDependency;
			package = 9B9B00012C3F5A8F00A1B0C1 /* XCRemoteSwiftPackageReference "swift-markdown" */;
			productName = Markdown;
		};
/* End XCSwiftPackageProductDependency section */
	};
	rootObject = 04C2CE012E5C8E9D007A5EF7 /* Project object */;
}
